
Microsoft Visual Studio Solution File, Format Version 12.00
# Visual Studio 15
VisualStudioVersion = 15.0.27130.2024
MinimumVisualStudioVersion = 10.0.40219.1
Project("{FAE04EC0-301F-11D3-BF4B-00C04F79EFBC}") = "POATools", "POATools\POATools.csproj", "{6B078023-8CED-4E39-8B3A-7E4ED5D814DC}"
EndProject
Global
	GlobalSection(SolutionConfigurationPlatforms) = preSolution
		Debug|Any CPU = Debug|Any CPU
		Release|Any CPU = Release|Any CPU
	EndGlobalSection
	GlobalSection(ProjectConfigurationPlatforms) = postSolution
		{6B078023-8CED-4E39-8B3A-7E4ED5D814DC}.Debug|Any CPU.ActiveCfg = Debug|Any CPU
		{6B078023-8CED-4E39-8B3A-7E4ED5D814DC}.Debug|Any CPU.Build.0 = Debug|Any CPU
		{6B078023-8CED-4E39-8B3A-7E4ED5D814DC}.Release|Any CPU.ActiveCfg = Release|Any CPU
		{6B078023-8CED-4E39-8B3A-7E4ED5D814DC}.Release|Any CPU.Build.0 = Release|Any CPU
	EndGlobalSection
	GlobalSection(SolutionProperties) = preSolution
		HideSolutionNode = FALSE
	EndGlobalSection
	GlobalSection(ExtensibilityGlobals) = postSolution
		SolutionGuid = {38F56D1C-67A5-48F4-B44B-E7D47D04A629}
	EndGlobalSection
EndGlobal
